
Microsoft Visual Studio Solution File, Format Version 12.00
# Visual Studio Version 16
VisualStudioVersion = 16.0.31613.86
MinimumVisualStudioVersion = 10.0.40219.1
Project("{FAE04EC0-301F-11D3-BF4B-00C04F79EFBC}") = "TODO-Helper", "TODO-Helper\TODO-Helper.csproj", "{A94E7750-3D44-45CD-9684-358A4DFB6B16}"
EndProject
Project("{2150E333-8FDC-42A3-9474-1A3956D46DE8}") = "Solution Items", "Solution Items", "{DCA7C58E-4A8C-473B-98AB-6AD52DD19C1C}"
EndProject
Global
	GlobalSection(SolutionConfigurationPlatforms) = preSolution
		Debug|Any CPU = Debug|Any CPU
		Release|Any CPU = Release|Any CPU
	EndGlobalSection
	GlobalSection(ProjectConfigurationPlatforms) = postSolution
		{A94E7750-3D44-45CD-9684-358A4DFB6B16}.Debug|Any CPU.ActiveCfg = Debug|Any CPU
		{A94E7750-3D44-45CD-9684-358A4DFB6B16}.Debug|Any CPU.Build.0 = Debug|Any CPU
		{A94E7750-3D44-45CD-9684-358A4DFB6B16}.Release|Any CPU.ActiveCfg = Release|Any CPU
		{A94E7750-3D44-45CD-9684-358A4DFB6B16}.Release|Any CPU.Build.0 = Release|Any CPU
	EndGlobalSection
	GlobalSection(SolutionProperties) = preSolution
		HideSolutionNode = FALSE
	EndGlobalSection
	GlobalSection(ExtensibilityGlobals) = postSolution
		SolutionGuid = {7D028A98-7980-44B9-8C1F-A4A8E0862A05}
	EndGlobalSection
EndGlobal
